
Microsoft Visual Studio Solution File, Format Version 12.00
# Visual Studio Version 16
VisualStudioVersion = 16.0.30611.23
MinimumVisualStudioVersion = 10.0.40219.1
Project("{F184B08F-C81C-45F6-A57F-5ABD9991F28F}") = "VP Assignment", "VP Assignment\VP Assignment.vbproj", "{0C0C14DD-A3B9-4FAD-A93F-06C92570ADC9}"
EndProject
Global
	GlobalSection(SolutionConfigurationPlatforms) = preSolution
		Debug|Any CPU = Debug|Any CPU
		Release|Any CPU = Release|Any CPU
	EndGlobalSection
	GlobalSection(ProjectConfigurationPlatforms) = postSolution
		{0C0C14DD-A3B9-4FAD-A93F-06C92570ADC9}.Debug|Any CPU.ActiveCfg = Debug|Any CPU
		{0C0C14DD-A3B9-4FAD-A93F-06C92570ADC9}.Debug|Any CPU.Build.0 = Debug|Any CPU
		{0C0C14DD-A3B9-4FAD-A93F-06C92570ADC9}.Release|Any CPU.ActiveCfg = Release|Any CPU
		{0C0C14DD-A3B9-4FAD-A93F-06C92570ADC9}.Release|Any CPU.Build.0 = Release|Any CPU
	EndGlobalSection
	GlobalSection(SolutionProperties) = preSolution
		HideSolutionNode = FALSE
	EndGlobalSection
	GlobalSection(ExtensibilityGlobals) = postSolution
		SolutionGuid = {7AAF6882-A848-45EC-9739-C2DA1EA80E53}
	EndGlobalSection
EndGlobal
